// !$*UTF8*$!
{
	archiveVersion = 1;
	classes = {
	};
	objectVersion = 56;
	objects = {

/* Begin PBXBuildFile section */
		4E2A39B22BDA54D60071EEE4 /* AppDelegate.swift in Sources */ = {isa = PBXBuildFile; fileRef = 4E2A39B12BDA54D60071EEE4 /* AppDelegate.swift */; };
		4E2A39B42BDA54D60071EEE4 /* SceneDelegate.swift in Sources */ = {isa = PBXBuildFile; fileRef = 4E2A39B32BDA54D60071EEE4 /* SceneDelegate.swift */; };
		4E2A39B62BDA54D60071EEE4 /* MainViewController.swift in Sources */ = {isa = PBXBuildFile; fileRef = 4E2A39B52BDA54D60071EEE4 /* MainViewController.swift */; };
		4E2A39BB2BDA54D80071EEE4 /* Assets.xcassets in Resources */ = {isa = PBXBuildFile; fileRef = 4E2A39BA2BDA54D80071EEE4 /* Assets.xcassets */; };
		4E2A39BE2BDA54D80071EEE4 /* LaunchScreen.storyboard in Resources */ = {isa = PBXBuildFile; fileRef = 4E2A39BC2BDA54D80071EEE4 /* LaunchScreen.storyboard */; };
		4E2A39C72BDA56320071EEE4 /* SnapKit in Frameworks */ = {isa = PBXBuildFile; productRef = 4E2A39C62BDA56320071EEE4 /* SnapKit */; };
		4E2A39CA2BDA563D0071EEE4 /* RxBlocking in Frameworks */ = {isa = PBXBuildFile; productRef = 4E2A39C92BDA563D0071EEE4 /* RxBlocking */; };
		4E2A39CC2BDA563D0071EEE4 /* RxCocoa in Frameworks */ = {isa = PBXBuildFile; productRef = 4E2A39CB2BDA563D0071EEE4 /* RxCocoa */; };
		4E2A39CE2BDA563D0071EEE4 /* RxRelay in Frameworks */ = {isa = PBXBuildFile; productRef = 4E2A39CD2BDA563D0071EEE4 /* RxRelay */; };
		4EA0646A2BDB538F00DF729E /* GameViewController.swift in Sources */ = {isa = PBXBuildFile; fileRef = 4EA064692BDB538F00DF729E /* GameViewController.swift */; };
		4EA0646E2BDB541800DF729E /* Questions.swift in Sources */ = {isa = PBXBuildFile; fileRef = 4EA0646D2BDB541800DF729E /* Questions.swift */; };
		4EA064762BDB6C2700DF729E /* CategoryViewController.swift in Sources */ = {isa = PBXBuildFile; fileRef = 4EA064752BDB6C2700DF729E /* CategoryViewController.swift */; };
		4EA064782BDB6C3000DF729E /* MainView.swift in Sources */ = {isa = PBXBuildFile; fileRef = 4EA064772BDB6C3000DF729E /* MainView.swift */; };
		4EA0647A2BDB6C3600DF729E /* CategoryView.swift in Sources */ = {isa = PBXBuildFile; fileRef = 4EA064792BDB6C3600DF729E /* CategoryView.swift */; };
		4EA0647F2BDB6ED300DF729E /* CategoryCell.swift in Sources */ = {isa = PBXBuildFile; fileRef = 4EA0647E2BDB6ED300DF729E /* CategoryCell.swift */; };
		4EA064822BDB6EF100DF729E /* Kingfisher in Frameworks */ = {isa = PBXBuildFile; productRef = 4EA064812BDB6EF100DF729E /* Kingfisher */; };
		4EA064852BDB6F7300DF729E /* Mock.json in Resources */ = {isa = PBXBuildFile; fileRef = 4EA064842BDB6F7300DF729E /* Mock.json */; };
		4EA064872BDB6F8A00DF729E /* MockData.swift in Sources */ = {isa = PBXBuildFile; fileRef = 4EA064862BDB6F8A00DF729E /* MockData.swift */; };
		4EA064892BDB733700DF729E /* GameView.swift in Sources */ = {isa = PBXBuildFile; fileRef = 4EA064882BDB733700DF729E /* GameView.swift */; };
		4EA0648B2BDB73B200DF729E /* GameCell.swift in Sources */ = {isa = PBXBuildFile; fileRef = 4EA0648A2BDB73B200DF729E /* GameCell.swift */; };
		4EA064902BDB8AE500DF729E /* UIColor+Extension.swift in Sources */ = {isa = PBXBuildFile; fileRef = 4EA0648F2BDB8AE500DF729E /* UIColor+Extension.swift */; };
		4EA064932BDB8BB000DF729E /* customFont1.otf in Resources */ = {isa = PBXBuildFile; fileRef = 4EA064922BDB8BB000DF729E /* customFont1.otf */; };
/* End PBXBuildFile section */

/* Begin PBXFileReference section */
		4E2A39AE2BDA54D60071EEE4 /* BalanceGame.app */ = {isa = PBXFileReference; explicitFileType = wrapper.application; includeInIndex = 0; path = BalanceGame.app; sourceTree = BUILT_PRODUCTS_DIR; };
		4E2A39B12BDA54D60071EEE4 /* AppDelegate.swift */ = {isa = PBXFileReference; lastKnownFileType = sourcecode.swift; path = AppDelegate.swift; sourceTree = "<group>"; };
		4E2A39B32BDA54D60071EEE4 /* SceneDelegate.swift */ = {isa = PBXFileReference; lastKnownFileType = sourcecode.swift; path = SceneDelegate.swift; sourceTree = "<group>"; };
		4E2A39B52BDA54D60071EEE4 /* MainViewController.swift */ = {isa = PBXFileReference; lastKnownFileType = sourcecode.swift; path = MainViewController.swift; sourceTree = "<group>"; };
		4E2A39BA2BDA54D80071EEE4 /* Assets.xcassets */ = {isa = PBXFileReference; lastKnownFileType = folder.assetcatalog; path = Assets.xcassets; sourceTree = "<group>"; };
		4E2A39BD2BDA54D80071EEE4 /* Base */ = {isa = PBXFileReference; lastKnownFileType = file.storyboard; name = Base; path = Base.lproj/LaunchScreen.storyboard; sourceTree = "<group>"; };
		4E2A39BF2BDA54D80071EEE4 /* Info.plist */ = {isa = PBXFileReference; lastKnownFileType = text.plist.xml; path = Info.plist; sourceTree = "<group>"; };
		4EA064692BDB538F00DF729E /* GameViewController.swift */ = {isa = PBXFileReference; lastKnownFileType = sourcecode.swift; path = GameViewController.swift; sourceTree = "<group>"; };
		4EA0646D2BDB541800DF729E /* Questions.swift */ = {isa = PBXFileReference; lastKnownFileType = sourcecode.swift; path = Questions.swift; sourceTree = "<group>"; };
		4EA064752BDB6C2700DF729E /* CategoryViewController.swift */ = {isa = PBXFileReference; lastKnownFileType = sourcecode.swift; path = CategoryViewController.swift; sourceTree = "<group>"; };
		4EA064772BDB6C3000DF729E /* MainView.swift */ = {isa = PBXFileReference; lastKnownFileType = sourcecode.swift; path = MainView.swift; sourceTree = "<group>"; };
		4EA064792BDB6C3600DF729E /* CategoryView.swift */ = {isa = PBXFileReference; lastKnownFileType = sourcecode.swift; path = CategoryView.swift; sourceTree = "<group>"; };
		4EA0647E2BDB6ED300DF729E /* CategoryCell.swift */ = {isa = PBXFileReference; lastKnownFileType = sourcecode.swift; path = CategoryCell.swift; sourceTree = "<group>"; };
		4EA064842BDB6F7300DF729E /* Mock.json */ = {isa = PBXFileReference; lastKnownFileType = text.json; path = Mock.json; sourceTree = "<group>"; };
		4EA064862BDB6F8A00DF729E /* MockData.swift */ = {isa = PBXFileReference; lastKnownFileType = sourcecode.swift; path = MockData.swift; sourceTree = "<group>"; };
		4EA064882BDB733700DF729E /* GameView.swift */ = {isa = PBXFileReference; lastKnownFileType = sourcecode.swift; path = GameView.swift; sourceTree = "<group>"; };
		4EA0648A2BDB73B200DF729E /* GameCell.swift */ = {isa = PBXFileReference; lastKnownFileType = sourcecode.swift; path = GameCell.swift; sourceTree = "<group>"; };
		4EA0648F2BDB8AE500DF729E /* UIColor+Extension.swift */ = {isa = PBXFileReference; lastKnownFileType = sourcecode.swift; path = "UIColor+Extension.swift"; sourceTree = "<group>"; };
		4EA064922BDB8BB000DF729E /* customFont1.otf */ = {isa = PBXFileReference; lastKnownFileType = file; path = customFont1.otf; sourceTree = "<group>"; };
/* End PBXFileReference section */

/* Begin PBXFrameworksBuildPhase section */
		4E2A39AB2BDA54D60071EEE4 /* Frameworks */ = {
			isa = PBXFrameworksBuildPhase;
			buildActionMask = 2147483647;
			files = (
				4E2A39CC2BDA563D0071EEE4 /* RxCocoa in Frameworks */,
				4E2A39C72BDA56320071EEE4 /* SnapKit in Frameworks */,
				4E2A39CE2BDA563D0071EEE4 /* RxRelay in Frameworks */,
				4E2A39CA2BDA563D0071EEE4 /* RxBlocking in Frameworks */,
				4EA064822BDB6EF100DF729E /* Kingfisher in Frameworks */,
			);
			runOnlyForDeploymentPostprocessing = 0;
		};
/* End PBXFrameworksBuildPhase section */

/* Begin PBXGroup section */
		4E2A39A52BDA54D60071EEE4 = {
			isa = PBXGroup;
			children = (
				4E2A39B02BDA54D60071EEE4 /* BalanceGame */,
				4E2A39AF2BDA54D60071EEE4 /* Products */,
			);
			sourceTree = "<group>";
		};
		4E2A39AF2BDA54D60071EEE4 /* Products */ = {
			isa = PBXGroup;
			children = (
				4E2A39AE2BDA54D60071EEE4 /* BalanceGame.app */,
			);
			name = Products;
			sourceTree = "<group>";
		};
		4E2A39B02BDA54D60071EEE4 /* BalanceGame */ = {
			isa = PBXGroup;
			children = (
				4EA064832BDB6F5B00DF729E /* Mock */,
				4EA064912BDB8B2F00DF729E /* Font */,
				4EA0646F2BDB544D00DF729E /* Extension */,
				4E2A39D12BDA5B0A0071EEE4 /* Model */,
				4E2A39D22BDA5B0F0071EEE4 /* Views */,
				4EA064742BDB6BD500DF729E /* Controllers */,
				4E2A39B12BDA54D60071EEE4 /* AppDelegate.swift */,
				4E2A39B32BDA54D60071EEE4 /* SceneDelegate.swift */,
				4E2A39BA2BDA54D80071EEE4 /* Assets.xcassets */,
				4E2A39BC2BDA54D80071EEE4 /* LaunchScreen.storyboard */,
				4E2A39BF2BDA54D80071EEE4 /* Info.plist */,
			);
			path = BalanceGame;
			sourceTree = "<group>";
		};
		4E2A39D12BDA5B0A0071EEE4 /* Model */ = {
			isa = PBXGroup;
			children = (
				4EA0646D2BDB541800DF729E /* Questions.swift */,
			);
			path = Model;
			sourceTree = "<group>";
		};
		4E2A39D22BDA5B0F0071EEE4 /* Views */ = {
			isa = PBXGroup;
			children = (
				4EA064772BDB6C3000DF729E /* MainView.swift */,
				4EA064792BDB6C3600DF729E /* CategoryView.swift */,
				4EA064882BDB733700DF729E /* GameView.swift */,
				4EA0647D2BDB6EC200DF729E /* Cell */,
			);
			path = Views;
			sourceTree = "<group>";
		};
		4EA0646F2BDB544D00DF729E /* Extension */ = {
			isa = PBXGroup;
			children = (
				4EA0648F2BDB8AE500DF729E /* UIColor+Extension.swift */,
			);
			path = Extension;
			sourceTree = "<group>";
		};
		4EA064742BDB6BD500DF729E /* Controllers */ = {
			isa = PBXGroup;
			children = (
				4E2A39B52BDA54D60071EEE4 /* MainViewController.swift */,
				4EA064752BDB6C2700DF729E /* CategoryViewController.swift */,
				4EA064692BDB538F00DF729E /* GameViewController.swift */,
			);
			path = Controllers;
			sourceTree = "<group>";
		};
		4EA0647D2BDB6EC200DF729E /* Cell */ = {
			isa = PBXGroup;
			children = (
				4EA0647E2BDB6ED300DF729E /* CategoryCell.swift */,
				4EA0648A2BDB73B200DF729E /* GameCell.swift */,
			);
			path = Cell;
			sourceTree = "<group>";
		};
		4EA064832BDB6F5B00DF729E /* Mock */ = {
			isa = PBXGroup;
			children = (
				4EA064842BDB6F7300DF729E /* Mock.json */,
				4EA064862BDB6F8A00DF729E /* MockData.swift */,
			);
			path = Mock;
			sourceTree = "<group>";
		};
		4EA064912BDB8B2F00DF729E /* Font */ = {
			isa = PBXGroup;
			children = (
				4EA064922BDB8BB000DF729E /* customFont1.otf */,
			);
			path = Font;
			sourceTree = "<group>";
		};
/* End PBXGroup section */

/* Begin PBXNativeTarget section */
		4E2A39AD2BDA54D60071EEE4 /* BalanceGame */ = {
			isa = PBXNativeTarget;
			buildConfigurationList = 4E2A39C22BDA54D80071EEE4 /* Build configuration list for PBXNativeTarget "BalanceGame" */;
			buildPhases = (
				4E2A39AA2BDA54D60071EEE4 /* Sources */,
				4E2A39AB2BDA54D60071EEE4 /* Frameworks */,
				4E2A39AC2BDA54D60071EEE4 /* Resources */,
			);
			buildRules = (
			);
			dependencies = (
			);
			name = BalanceGame;
			packageProductDependencies = (
				4E2A39C62BDA56320071EEE4 /* SnapKit */,
				4E2A39C92BDA563D0071EEE4 /* RxBlocking */,
				4E2A39CB2BDA563D0071EEE4 /* RxCocoa */,
				4E2A39CD2BDA563D0071EEE4 /* RxRelay */,
				4EA064812BDB6EF100DF729E /* Kingfisher */,
			);
			productName = BalanceGame;
			productReference = 4E2A39AE2BDA54D60071EEE4 /* BalanceGame.app */;
			productType = "com.apple.product-type.application";
		};
/* End PBXNativeTarget section */

/* Begin PBXProject section */
		4E2A39A62BDA54D60071EEE4 /* Project object */ = {
			isa = PBXProject;
			attributes = {
				BuildIndependentTargetsInParallel = 1;
				LastSwiftUpdateCheck = 1510;
				LastUpgradeCheck = 1510;
				TargetAttributes = {
					4E2A39AD2BDA54D60071EEE4 = {
						CreatedOnToolsVersion = 15.1;
					};
				};
			};
			buildConfigurationList = 4E2A39A92BDA54D60071EEE4 /* Build configuration list for PBXProject "BalanceGame" */;
			compatibilityVersion = "Xcode 14.0";
			developmentRegion = en;
			hasScannedForEncodings = 0;
			knownRegions = (
				en,
				Base,
			);
			mainGroup = 4E2A39A52BDA54D60071EEE4;
			packageReferences = (
				4E2A39C52BDA56310071EEE4 /* XCRemoteSwiftPackageReference "SnapKit" */,
				4E2A39C82BDA563D0071EEE4 /* XCRemoteSwiftPackageReference "RxSwift" */,
				4EA064802BDB6EF100DF729E /* XCRemoteSwiftPackageReference "Kingfisher" */,
			);
			productRefGroup = 4E2A39AF2BDA54D60071EEE4 /* Products */;
			projectDirPath = "";
			projectRoot = "";
			targets = (
				4E2A39AD2BDA54D60071EEE4 /* BalanceGame */,
			);
		};
/* End PBXProject section */

/* Begin PBXResourcesBuildPhase section */
		4E2A39AC2BDA54D60071EEE4 /* Resources */ = {
			isa = PBXResourcesBuildPhase;
			buildActionMask = 2147483647;
			files = (
				4EA064852BDB6F7300DF729E /* Mock.json in Resources */,
				4E2A39BE2BDA54D80071EEE4 /* LaunchScreen.storyboard in Resources */,
				4EA064932BDB8BB000DF729E /* customFont1.otf in Resources */,
				4E2A39BB2BDA54D80071EEE4 /* Assets.xcassets in Resources */,
			);
			runOnlyForDeploymentPostprocessing = 0;
		};
/* End PBXResourcesBuildPhase section */

/* Begin PBXSourcesBuildPhase section */
		4E2A39AA2BDA54D60071EEE4 /* Sources */ = {
			isa = PBXSourcesBuildPhase;
			buildActionMask = 2147483647;
			files = (
				4EA0647F2BDB6ED300DF729E /* CategoryCell.swift in Sources */,
				4EA0646E2BDB541800DF729E /* Questions.swift in Sources */,
				4E2A39B62BDA54D60071EEE4 /* MainViewController.swift in Sources */,
				4EA064902BDB8AE500DF729E /* UIColor+Extension.swift in Sources */,
				4EA064782BDB6C3000DF729E /* MainView.swift in Sources */,
				4EA064872BDB6F8A00DF729E /* MockData.swift in Sources */,
				4EA0646A2BDB538F00DF729E /* GameViewController.swift in Sources */,
				4EA0647A2BDB6C3600DF729E /* CategoryView.swift in Sources */,
				4E2A39B22BDA54D60071EEE4 /* AppDelegate.swift in Sources */,
				4EA064762BDB6C2700DF729E /* CategoryViewController.swift in Sources */,
				4EA064892BDB733700DF729E /* GameView.swift in Sources */,
				4E2A39B42BDA54D60071EEE4 /* SceneDelegate.swift in Sources */,
				4EA0648B2BDB73B200DF729E /* GameCell.swift in Sources */,
			);
			runOnlyForDeploymentPostprocessing = 0;
		};
/* End PBXSourcesBuildPhase section */

/* Begin PBXVariantGroup section */
		4E2A39BC2BDA54D80071EEE4 /* LaunchScreen.storyboard */ = {
			isa = PBXVariantGroup;
			children = (
				4E2A39BD2BDA54D80071EEE4 /* Base */,
			);
			name = LaunchScreen.storyboard;
			sourceTree = "<group>";
		};
/* End PBXVariantGroup section */

/* Begin XCBuildConfiguration section */
		4E2A39C02BDA54D80071EEE4 /* Debug */ = {
			isa = XCBuildConfiguration;
			buildSettings = {
				ALWAYS_SEARCH_USER_PATHS = NO;
				ASSETCATALOG_COMPILER_GENERATE_SWIFT_ASSET_SYMBOL_EXTENSIONS = YES;
				CLANG_ANALYZER_NONNULL = YES;
				CLANG_ANALYZER_NUMBER_OBJECT_CONVERSION = YES_AGGRESSIVE;
				CLANG_CXX_LANGUAGE_STANDARD = "gnu++20";
				CLANG_ENABLE_MODULES = YES;
				CLANG_ENABLE_OBJC_ARC = YES;
				CLANG_ENABLE_OBJC_WEAK = YES;
				CLANG_WARN_BLOCK_CAPTURE_AUTORELEASING = YES;
				CLANG_WARN_BOOL_CONVERSION = YES;
				CLANG_WARN_COMMA = YES;
				CLANG_WARN_CONSTANT_CONVERSION = YES;
				CLANG_WARN_DEPRECATED_OBJC_IMPLEMENTATIONS = YES;
				CLANG_WARN_DIRECT_OBJC_ISA_USAGE = YES_ERROR;
				CLANG_WARN_DOCUMENTATION_COMMENTS = YES;
				CLANG_WARN_EMPTY_BODY = YES;
				CLANG_WARN_ENUM_CONVERSION = YES;
				CLANG_WARN_INFINITE_RECURSION = YES;
				CLANG_WARN_INT_CONVERSION = YES;
				CLANG_WARN_NON_LITERAL_NULL_CONVERSION = YES;
				CLANG_WARN_OBJC_IMPLICIT_RETAIN_SELF = YES;
				CLANG_WARN_OBJC_LITERAL_CONVERSION = YES;
				CLANG_WARN_OBJC_ROOT_CLASS = YES_ERROR;
				CLANG_WARN_QUOTED_INCLUDE_IN_FRAMEWORK_HEADER = YES;
				CLANG_WARN_RANGE_LOOP_ANALYSIS = YES;
				CLANG_WARN_STRICT_PROTOTYPES = YES;
				CLANG_WARN_SUSPICIOUS_MOVE = YES;
				CLANG_WARN_UNGUARDED_AVAILABILITY = YES_AGGRESSIVE;
				CLANG_WARN_UNREACHABLE_CODE = YES;
				CLANG_WARN__DUPLICATE_METHOD_MATCH = YES;
				COPY_PHASE_STRIP = NO;
				DEBUG_INFORMATION_FORMAT = dwarf;
				ENABLE_STRICT_OBJC_MSGSEND = YES;
				ENABLE_TESTABILITY = YES;
				ENABLE_USER_SCRIPT_SANDBOXING = YES;
				GCC_C_LANGUAGE_STANDARD = gnu17;
				GCC_DYNAMIC_NO_PIC = NO;
				GCC_NO_COMMON_BLOCKS = YES;
				GCC_OPTIMIZATION_LEVEL = 0;
				GCC_PREPROCESSOR_DEFINITIONS = (
					"DEBUG=1",
					"$(inherited)",
				);
				GCC_WARN_64_TO_32_BIT_CONVERSION = YES;
				GCC_WARN_ABOUT_RETURN_TYPE = YES_ERROR;
				GCC_WARN_UNDECLARED_SELECTOR = YES;
				GCC_WARN_UNINITIALIZED_AUTOS = YES_AGGRESSIVE;
				GCC_WARN_UNUSED_FUNCTION = YES;
				GCC_WARN_UNUSED_VARIABLE = YES;
				IPHONEOS_DEPLOYMENT_TARGET = 17.2;
				LOCALIZATION_PREFERS_STRING_CATALOGS = YES;
				MTL_ENABLE_DEBUG_INFO = INCLUDE_SOURCE;
				MTL_FAST_MATH = YES;
				ONLY_ACTIVE_ARCH = YES;
				SDKROOT = iphoneos;
				SWIFT_ACTIVE_COMPILATION_CONDITIONS = "DEBUG $(inherited)";
				SWIFT_OPTIMIZATION_LEVEL = "-Onone";
			};
			name = Debug;
		};
		4E2A39C12BDA54D80071EEE4 /* Release */ = {
			isa = XCBuildConfiguration;
			buildSettings = {
				ALWAYS_SEARCH_USER_PATHS = NO;
				ASSETCATALOG_COMPILER_GENERATE_SWIFT_ASSET_SYMBOL_EXTENSIONS = YES;
				CLANG_ANALYZER_NONNULL = YES;
				CLANG_ANALYZER_NUMBER_OBJECT_CONVERSION = YES_AGGRESSIVE;
				CLANG_CXX_LANGUAGE_STANDARD = "gnu++20";
				CLANG_ENABLE_MODULES = YES;
				CLANG_ENABLE_OBJC_ARC = YES;
				CLANG_ENABLE_OBJC_WEAK = YES;
				CLANG_WARN_BLOCK_CAPTURE_AUTORELEASING = YES;
				CLANG_WARN_BOOL_CONVERSION = YES;
				CLANG_WARN_COMMA = YES;
				CLANG_WARN_CONSTANT_CONVERSION = YES;
				CLANG_WARN_DEPRECATED_OBJC_IMPLEMENTATIONS = YES;
				CLANG_WARN_DIRECT_OBJC_ISA_USAGE = YES_ERROR;
				CLANG_WARN_DOCUMENTATION_COMMENTS = YES;
				CLANG_WARN_EMPTY_BODY = YES;
				CLANG_WARN_ENUM_CONVERSION = YES;
				CLANG_WARN_INFINITE_RECURSION = YES;
				CLANG_WARN_INT_CONVERSION = YES;
				CLANG_WARN_NON_LITERAL_NULL_CONVERSION = YES;
				CLANG_WARN_OBJC_IMPLICIT_RETAIN_SELF = YES;
				CLANG_WARN_OBJC_LITERAL_CONVERSION = YES;
				CLANG_WARN_OBJC_ROOT_CLASS = YES_ERROR;
				CLANG_WARN_QUOTED_INCLUDE_IN_FRAMEWORK_HEADER = YES;
				CLANG_WARN_RANGE_LOOP_ANALYSIS = YES;
				CLANG_WARN_STRICT_PROTOTYPES = YES;
				CLANG_WARN_SUSPICIOUS_MOVE = YES;
				CLANG_WARN_UNGUARDED_AVAILABILITY = YES_AGGRESSIVE;
				CLANG_WARN_UNREACHABLE_CODE = YES;
				CLANG_WARN__DUPLICATE_METHOD_MATCH = YES;
				COPY_PHASE_STRIP = NO;
				DEBUG_INFORMATION_FORMAT = "dwarf-with-dsym";
				ENABLE_NS_ASSERTIONS = NO;
				ENABLE_STRICT_OBJC_MSGSEND = YES;
				ENABLE_USER_SCRIPT_SANDBOXING = YES;
				GCC_C_LANGUAGE_STANDARD = gnu17;
				GCC_NO_COMMON_BLOCKS = YES;
				GCC_WARN_64_TO_32_BIT_CONVERSION = YES;
				GCC_WARN_ABOUT_RETURN_TYPE = YES_ERROR;
				GCC_WARN_UNDECLARED_SELECTOR = YES;
				GCC_WARN_UNINITIALIZED_AUTOS = YES_AGGRESSIVE;
				GCC_WARN_UNUSED_FUNCTION = YES;
				GCC_WARN_UNUSED_VARIABLE = YES;
				IPHONEOS_DEPLOYMENT_TARGET = 17.2;
				LOCALIZATION_PREFERS_STRING_CATALOGS = YES;
				MTL_ENABLE_DEBUG_INFO = NO;
				MTL_FAST_MATH = YES;
				SDKROOT = iphoneos;
				SWIFT_COMPILATION_MODE = wholemodule;
				VALIDATE_PRODUCT = YES;
			};
			name = Release;
		};
		4E2A39C32BDA54D80071EEE4 /* Debug */ = {
			isa = XCBuildConfiguration;
			buildSettings = {
				ASSETCATALOG_COMPILER_APPICON_NAME = AppIcon;
				ASSETCATALOG_COMPILER_GLOBAL_ACCENT_COLOR_NAME = AccentColor;
				CODE_SIGN_STYLE = Automatic;
				CURRENT_PROJECT_VERSION = 1;
				DEVELOPMENT_TEAM = 586K899ZYU;
				GENERATE_INFOPLIST_FILE = YES;
				INFOPLIST_FILE = BalanceGame/Info.plist;
				INFOPLIST_KEY_UIApplicationSupportsIndirectInputEvents = YES;
				INFOPLIST_KEY_UILaunchStoryboardName = LaunchScreen;
				INFOPLIST_KEY_UISupportedInterfaceOrientations_iPad = "UIInterfaceOrientationPortrait UIInterfaceOrientationPortraitUpsideDown UIInterfaceOrientationLandscapeLeft UIInterfaceOrientationLandscapeRight";
				INFOPLIST_KEY_UISupportedInterfaceOrientations_iPhone = "UIInterfaceOrientationPortrait UIInterfaceOrientationLandscapeLeft UIInterfaceOrientationLandscapeRight";
				LD_RUNPATH_SEARCH_PATHS = (
					"$(inherited)",
					"@executable_path/Frameworks",
				);
				MARKETING_VERSION = 1.0;
				PRODUCT_BUNDLE_IDENTIFIER = com.studyhard.BalanceGame;
				PRODUCT_NAME = "$(TARGET_NAME)";
				SWIFT_EMIT_LOC_STRINGS = YES;
				SWIFT_VERSION = 5.0;
				TARGETED_DEVICE_FAMILY = "1,2";
			};
			name = Debug;
		};
		4E2A39C42BDA54D80071EEE4 /* Release */ = {
			isa = XCBuildConfiguration;
			buildSettings = {
				ASSETCATALOG_COMPILER_APPICON_NAME = AppIcon;
				ASSETCATALOG_COMPILER_GLOBAL_ACCENT_COLOR_NAME = AccentColor;
				CODE_SIGN_STYLE = Automatic;
				CURRENT_PROJECT_VERSION = 1;
				DEVELOPMENT_TEAM = 586K899ZYU;
				GENERATE_INFOPLIST_FILE = YES;
				INFOPLIST_FILE = BalanceGame/Info.plist;
				INFOPLIST_KEY_UIApplicationSupportsIndirectInputEvents = YES;
				INFOPLIST_KEY_UILaunchStoryboardName = LaunchScreen;
				INFOPLIST_KEY_UISupportedInterfaceOrientations_iPad = "UIInterfaceOrientationPortrait UIInterfaceOrientationPortraitUpsideDown UIInterfaceOrientationLandscapeLeft UIInterfaceOrientationLandscapeRight";
				INFOPLIST_KEY_UISupportedInterfaceOrientations_iPhone = "UIInterfaceOrientationPortrait UIInterfaceOrientationLandscapeLeft UIInterfaceOrientationLandscapeRight";
				LD_RUNPATH_SEARCH_PATHS = (
					"$(inherited)",
					"@executable_path/Frameworks",
				);
				MARKETING_VERSION = 1.0;
				PRODUCT_BUNDLE_IDENTIFIER = com.studyhard.BalanceGame;
				PRODUCT_NAME = "$(TARGET_NAME)";
				SWIFT_EMIT_LOC_STRINGS = YES;
				SWIFT_VERSION = 5.0;
				TARGETED_DEVICE_FAMILY = "1,2";
			};
			name = Release;
		};
/* End XCBuildConfiguration section */

/* Begin XCConfigurationList section */
		4E2A39A92BDA54D60071EEE4 /* Build configuration list for PBXProject "BalanceGame" */ = {
			isa = XCConfigurationList;
			buildConfigurations = (
				4E2A39C02BDA54D80071EEE4 /* Debug */,
				4E2A39C12BDA54D80071EEE4 /* Release */,
			);
			defaultConfigurationIsVisible = 0;
			defaultConfigurationName = Release;
		};
		4E2A39C22BDA54D80071EEE4 /* Build configuration list for PBXNativeTarget "BalanceGame" */ = {
			isa = XCConfigurationList;
			buildConfigurations = (
				4E2A39C32BDA54D80071EEE4 /* Debug */,
				4E2A39C42BDA54D80071EEE4 /* Release */,
			);
			defaultConfigurationIsVisible = 0;
			defaultConfigurationName = Release;
		};
/* End XCConfigurationList section */

/* Begin XCRemoteSwiftPackageReference section */
		4E2A39C52BDA56310071EEE4 /* XCRemoteSwiftPackageReference "SnapKit" */ = {
			isa = XCRemoteSwiftPackageReference;
			repositoryURL = "https://github.com/SnapKit/SnapKit";
			requirement = {
				kind = upToNextMajorVersion;
				minimumVersion = 5.7.1;
			};
		};
		4E2A39C82BDA563D0071EEE4 /* XCRemoteSwiftPackageReference "RxSwift" */ = {
			isa = XCRemoteSwiftPackageReference;
			repositoryURL = "https://github.com/ReactiveX/RxSwift";
			requirement = {
				kind = upToNextMajorVersion;
				minimumVersion = 6.7.0;
			};
		};
		4EA064802BDB6EF100DF729E /* XCRemoteSwiftPackageReference "Kingfisher" */ = {
			isa = XCRemoteSwiftPackageReference;
			repositoryURL = "https://github.com/onevcat/Kingfisher";
			requirement = {
				kind = upToNextMajorVersion;
				minimumVersion = 7.11.0;
			};
		};
/* End XCRemoteSwiftPackageReference section */

/* Begin XCSwiftPackageProductDependency section */
		4E2A39C62BDA56320071EEE4 /* SnapKit */ = {
			isa = XCSwiftPackageProductDependency;
			package = 4E2A39C52BDA56310071EEE4 /* XCRemoteSwiftPackageReference "SnapKit" */;
			productName = SnapKit;
		};
		4E2A39C92BDA563D0071EEE4 /* RxBlocking */ = {
			isa = XCSwiftPackageProductDependency;
			package = 4E2A39C82BDA563D0071EEE4 /* XCRemoteSwiftPackageReference "RxSwift" */;
			productName = RxBlocking;
		};
		4E2A39CB2BDA563D0071EEE4 /* RxCocoa */ = {
			isa = XCSwiftPackageProductDependency;
			package = 4E2A39C82BDA563D0071EEE4 /* XCRemoteSwiftPackageReference "RxSwift" */;
			productName = RxCocoa;
		};
		4E2A39CD2BDA563D0071EEE4 /* RxRelay */ = {
			isa = XCSwiftPackageProductDependency;
			package = 4E2A39C82BDA563D0071EEE4 /* XCRemoteSwiftPackageReference "RxSwift" */;
			productName = RxRelay;
		};
		4EA064812BDB6EF100DF729E /* Kingfisher */ = {
			isa = XCSwiftPackageProductDependency;
			package = 4EA064802BDB6EF100DF729E /* XCRemoteSwiftPackageReference "Kingfisher" */;
			productName = Kingfisher;
		};
/* End XCSwiftPackageProductDependency section */
	};
	rootObject = 4E2A39A62BDA54D60071EEE4 /* Project object */;
}
